
Microsoft Visual Studio Solution File, Format Version 12.00
# Visual Studio Version 17
VisualStudioVersion = 17.0.31903.59
MinimumVisualStudioVersion = 10.0.40219.1
Project("{FAE04EC0-301F-11D3-BF4B-00C04F79EFBC}") = "API", "API\API.csproj", "{FA41D552-8491-4D71-AF1C-8DC796586315}"
EndProject
Global
	GlobalSection(SolutionConfigurationPlatforms) = preSolution
		Debug|Any CPU = Debug|Any CPU
		Release|Any CPU = Release|Any CPU
	EndGlobalSection
	GlobalSection(ProjectConfigurationPlatforms) = postSolution
		{FA41D552-8491-4D71-AF1C-8DC796586315}.Debug|Any CPU.ActiveCfg = Debug|Any CPU
		{FA41D552-8491-4D71-AF1C-8DC796586315}.Debug|Any CPU.Build.0 = Debug|Any CPU
		{FA41D552-8491-4D71-AF1C-8DC796586315}.Release|Any CPU.ActiveCfg = Release|Any CPU
		{FA41D552-8491-4D71-AF1C-8DC796586315}.Release|Any CPU.Build.0 = Release|Any CPU
	EndGlobalSection
	GlobalSection(SolutionProperties) = preSolution
		HideSolutionNode = FALSE
	EndGlobalSection
	GlobalSection(ExtensibilityGlobals) = postSolution
		SolutionGuid = {7944A24E-A300-4F35-A5C0-D8E9AA861B53}
	EndGlobalSection
EndGlobal
